// !$*UTF8*$!
{
	archiveVersion = 1;
	classes = {
	};
	objectVersion = 56;
	objects = {

/* Begin PBXBuildFile section */
		2545CB452A188D25003CF56C /* AppDelegate.swift in Sources */ = {isa = PBXBuildFile; fileRef = 2545CB442A188D25003CF56C /* AppDelegate.swift */; };
		2545CB472A188D25003CF56C /* SceneDelegate.swift in Sources */ = {isa = PBXBuildFile; fileRef = 2545CB462A188D25003CF56C /* SceneDelegate.swift */; };
		2545CB492A188D25003CF56C /* ViewController.swift in Sources */ = {isa = PBXBuildFile; fileRef = 2545CB482A188D25003CF56C /* ViewController.swift */; };
		2545CB4C2A188D25003CF56C /* Main.storyboard in Resources */ = {isa = PBXBuildFile; fileRef = 2545CB4A2A188D25003CF56C /* Main.storyboard */; };
		2545CB4E2A188D25003CF56C /* Assets.xcassets in Resources */ = {isa = PBXBuildFile; fileRef = 2545CB4D2A188D25003CF56C /* Assets.xcassets */; };
		2545CB512A188D25003CF56C /* LaunchScreen.storyboard in Resources */ = {isa = PBXBuildFile; fileRef = 2545CB4F2A188D25003CF56C /* LaunchScreen.storyboard */; };
		2545CB5C2A188F0E003CF56C /* CoinModel.swift in Sources */ = {isa = PBXBuildFile; fileRef = 2545CB5B2A188F0E003CF56C /* CoinModel.swift */; };
		2545CB5E2A18941D003CF56C /* CurrentDataModel.swift in Sources */ = {isa = PBXBuildFile; fileRef = 2545CB5D2A18941D003CF56C /* CurrentDataModel.swift */; };
		2545CB602A199A49003CF56C /* MarketChartModel.swift in Sources */ = {isa = PBXBuildFile; fileRef = 2545CB5F2A199A49003CF56C /* MarketChartModel.swift */; };
		2545CB622A199AEF003CF56C /* GraphicDataModel.swift in Sources */ = {isa = PBXBuildFile; fileRef = 2545CB612A199AEF003CF56C /* GraphicDataModel.swift */; };
		2545CB642A199B9D003CF56C /* GlobalModel.swift in Sources */ = {isa = PBXBuildFile; fileRef = 2545CB632A199B9D003CF56C /* GlobalModel.swift */; };
		2545CB682A199F4B003CF56C /* GenericDataProvider.swift in Sources */ = {isa = PBXBuildFile; fileRef = 2545CB672A199F4B003CF56C /* GenericDataProvider.swift */; };
		2545CB6D2A199FA5003CF56C /* API.swift in Sources */ = {isa = PBXBuildFile; fileRef = 2545CB6C2A199FA5003CF56C /* API.swift */; };
		2545CB6F2A19A5E8003CF56C /* GenericStore.swift in Sources */ = {isa = PBXBuildFile; fileRef = 2545CB6E2A19A5E8003CF56C /* GenericStore.swift */; };
		2545CB712A19DD67003CF56C /* Extensions.swift in Sources */ = {isa = PBXBuildFile; fileRef = 2545CB702A19DD67003CF56C /* Extensions.swift */; };
		2545CB732A19DFC2003CF56C /* CoinRouter.swift in Sources */ = {isa = PBXBuildFile; fileRef = 2545CB722A19DFC2003CF56C /* CoinRouter.swift */; };
		2545CB752A19DFDE003CF56C /* GlobalRouter.swift in Sources */ = {isa = PBXBuildFile; fileRef = 2545CB742A19DFDE003CF56C /* GlobalRouter.swift */; };
		2545CB772A19E914003CF56C /* CoinStore.swift in Sources */ = {isa = PBXBuildFile; fileRef = 2545CB762A19E913003CF56C /* CoinStore.swift */; };
		2545CB792A19E920003CF56C /* GlobalStore.swift in Sources */ = {isa = PBXBuildFile; fileRef = 2545CB782A19E920003CF56C /* GlobalStore.swift */; };
		2545CB7C2A1B11B9003CF56C /* ListCoinDataProvider.swift in Sources */ = {isa = PBXBuildFile; fileRef = 2545CB7B2A1B11B9003CF56C /* ListCoinDataProvider.swift */; };
/* End PBXBuildFile section */

/* Begin PBXFileReference section */
		2545CB412A188D25003CF56C /* MarketCoin.app */ = {isa = PBXFileReference; explicitFileType = wrapper.application; includeInIndex = 0; path = MarketCoin.app; sourceTree = BUILT_PRODUCTS_DIR; };
		2545CB442A188D25003CF56C /* AppDelegate.swift */ = {isa = PBXFileReference; lastKnownFileType = sourcecode.swift; path = AppDelegate.swift; sourceTree = "<group>"; };
		2545CB462A188D25003CF56C /* SceneDelegate.swift */ = {isa = PBXFileReference; lastKnownFileType = sourcecode.swift; path = SceneDelegate.swift; sourceTree = "<group>"; };
		2545CB482A188D25003CF56C /* ViewController.swift */ = {isa = PBXFileReference; lastKnownFileType = sourcecode.swift; path = ViewController.swift; sourceTree = "<group>"; };
		2545CB4B2A188D25003CF56C /* Base */ = {isa = PBXFileReference; lastKnownFileType = file.storyboard; name = Base; path = Base.lproj/Main.storyboard; sourceTree = "<group>"; };
		2545CB4D2A188D25003CF56C /* Assets.xcassets */ = {isa = PBXFileReference; lastKnownFileType = folder.assetcatalog; path = Assets.xcassets; sourceTree = "<group>"; };
		2545CB502A188D25003CF56C /* Base */ = {isa = PBXFileReference; lastKnownFileType = file.storyboard; name = Base; path = Base.lproj/LaunchScreen.storyboard; sourceTree = "<group>"; };
		2545CB522A188D25003CF56C /* Info.plist */ = {isa = PBXFileReference; lastKnownFileType = text.plist.xml; path = Info.plist; sourceTree = "<group>"; };
		2545CB5B2A188F0E003CF56C /* CoinModel.swift */ = {isa = PBXFileReference; lastKnownFileType = sourcecode.swift; path = CoinModel.swift; sourceTree = "<group>"; };
		2545CB5D2A18941D003CF56C /* CurrentDataModel.swift */ = {isa = PBXFileReference; lastKnownFileType = sourcecode.swift; path = CurrentDataModel.swift; sourceTree = "<group>"; };
		2545CB5F2A199A49003CF56C /* MarketChartModel.swift */ = {isa = PBXFileReference; lastKnownFileType = sourcecode.swift; path = MarketChartModel.swift; sourceTree = "<group>"; };
		2545CB612A199AEF003CF56C /* GraphicDataModel.swift */ = {isa = PBXFileReference; lastKnownFileType = sourcecode.swift; path = GraphicDataModel.swift; sourceTree = "<group>"; };
		2545CB632A199B9D003CF56C /* GlobalModel.swift */ = {isa = PBXFileReference; lastKnownFileType = sourcecode.swift; path = GlobalModel.swift; sourceTree = "<group>"; };
		2545CB672A199F4B003CF56C /* GenericDataProvider.swift */ = {isa = PBXFileReference; lastKnownFileType = sourcecode.swift; path = GenericDataProvider.swift; sourceTree = "<group>"; };
		2545CB6C2A199FA5003CF56C /* API.swift */ = {isa = PBXFileReference; lastKnownFileType = sourcecode.swift; path = API.swift; sourceTree = "<group>"; };
		2545CB6E2A19A5E8003CF56C /* GenericStore.swift */ = {isa = PBXFileReference; lastKnownFileType = sourcecode.swift; path = GenericStore.swift; sourceTree = "<group>"; };
		2545CB702A19DD67003CF56C /* Extensions.swift */ = {isa = PBXFileReference; lastKnownFileType = sourcecode.swift; path = Extensions.swift; sourceTree = "<group>"; };
		2545CB722A19DFC2003CF56C /* CoinRouter.swift */ = {isa = PBXFileReference; lastKnownFileType = sourcecode.swift; path = CoinRouter.swift; sourceTree = "<group>"; };
		2545CB742A19DFDE003CF56C /* GlobalRouter.swift */ = {isa = PBXFileReference; lastKnownFileType = sourcecode.swift; path = GlobalRouter.swift; sourceTree = "<group>"; };
		2545CB762A19E913003CF56C /* CoinStore.swift */ = {isa = PBXFileReference; lastKnownFileType = sourcecode.swift; path = CoinStore.swift; sourceTree = "<group>"; };
		2545CB782A19E920003CF56C /* GlobalStore.swift */ = {isa = PBXFileReference; lastKnownFileType = sourcecode.swift; path = GlobalStore.swift; sourceTree = "<group>"; };
		2545CB7B2A1B11B9003CF56C /* ListCoinDataProvider.swift */ = {isa = PBXFileReference; lastKnownFileType = sourcecode.swift; path = ListCoinDataProvider.swift; sourceTree = "<group>"; };
/* End PBXFileReference section */

/* Begin PBXFrameworksBuildPhase section */
		2545CB3E2A188D25003CF56C /* Frameworks */ = {
			isa = PBXFrameworksBuildPhase;
			buildActionMask = 2147483647;
			files = (
			);
			runOnlyForDeploymentPostprocessing = 0;
		};
/* End PBXFrameworksBuildPhase section */

/* Begin PBXGroup section */
		2545CB382A188D25003CF56C = {
			isa = PBXGroup;
			children = (
				2545CB582A188DC9003CF56C /* Domain */,
				2545CB432A188D25003CF56C /* MarketCoin */,
				2545CB422A188D25003CF56C /* Products */,
			);
			sourceTree = "<group>";
		};
		2545CB422A188D25003CF56C /* Products */ = {
			isa = PBXGroup;
			children = (
				2545CB412A188D25003CF56C /* MarketCoin.app */,
			);
			name = Products;
			sourceTree = "<group>";
		};
		2545CB432A188D25003CF56C /* MarketCoin */ = {
			isa = PBXGroup;
			children = (
				2545CB442A188D25003CF56C /* AppDelegate.swift */,
				2545CB462A188D25003CF56C /* SceneDelegate.swift */,
				2545CB482A188D25003CF56C /* ViewController.swift */,
				2545CB4A2A188D25003CF56C /* Main.storyboard */,
				2545CB4D2A188D25003CF56C /* Assets.xcassets */,
				2545CB4F2A188D25003CF56C /* LaunchScreen.storyboard */,
				2545CB522A188D25003CF56C /* Info.plist */,
				2545CB702A19DD67003CF56C /* Extensions.swift */,
			);
			path = MarketCoin;
			sourceTree = "<group>";
		};
		2545CB582A188DC9003CF56C /* Domain */ = {
			isa = PBXGroup;
			children = (
				2545CB5A2A188E05003CF56C /* Models */,
				2545CB592A188DE5003CF56C /* DataProvider */,
			);
			path = Domain;
			sourceTree = "<group>";
		};
		2545CB592A188DE5003CF56C /* DataProvider */ = {
			isa = PBXGroup;
			children = (
				2545CB7A2A1B1197003CF56C /* CoinsDataProvider */,
				2545CB662A199F0A003CF56C /* NetworkRepository */,
				2545CB672A199F4B003CF56C /* GenericDataProvider.swift */,
			);
			path = DataProvider;
			sourceTree = "<group>";
		};
		2545CB5A2A188E05003CF56C /* Models */ = {
			isa = PBXGroup;
			children = (
				2545CB5B2A188F0E003CF56C /* CoinModel.swift */,
				2545CB5D2A18941D003CF56C /* CurrentDataModel.swift */,
				2545CB5F2A199A49003CF56C /* MarketChartModel.swift */,
				2545CB612A199AEF003CF56C /* GraphicDataModel.swift */,
				2545CB632A199B9D003CF56C /* GlobalModel.swift */,
			);
			path = Models;
			sourceTree = "<group>";
		};
		2545CB662A199F0A003CF56C /* NetworkRepository */ = {
			isa = PBXGroup;
			children = (
				2545CB6B2A199F89003CF56C /* Store */,
				2545CB6A2A199F81003CF56C /* Router */,
				2545CB692A199F7B003CF56C /* API */,
			);
			path = NetworkRepository;
			sourceTree = "<group>";
		};
		2545CB692A199F7B003CF56C /* API */ = {
			isa = PBXGroup;
			children = (
				2545CB6C2A199FA5003CF56C /* API.swift */,
			);
			path = API;
			sourceTree = "<group>";
		};
		2545CB6A2A199F81003CF56C /* Router */ = {
			isa = PBXGroup;
			children = (
				2545CB722A19DFC2003CF56C /* CoinRouter.swift */,
				2545CB742A19DFDE003CF56C /* GlobalRouter.swift */,
			);
			path = Router;
			sourceTree = "<group>";
		};
		2545CB6B2A199F89003CF56C /* Store */ = {
			isa = PBXGroup;
			children = (
				2545CB6E2A19A5E8003CF56C /* GenericStore.swift */,
				2545CB762A19E913003CF56C /* CoinStore.swift */,
				2545CB782A19E920003CF56C /* GlobalStore.swift */,
			);
			path = Store;
			sourceTree = "<group>";
		};
		2545CB7A2A1B1197003CF56C /* CoinsDataProvider */ = {
			isa = PBXGroup;
			children = (
				2545CB7B2A1B11B9003CF56C /* ListCoinDataProvider.swift */,
			);
			path = CoinsDataProvider;
			sourceTree = "<group>";
		};
/* End PBXGroup section */

/* Begin PBXNativeTarget section */
		2545CB402A188D25003CF56C /* MarketCoin */ = {
			isa = PBXNativeTarget;
			buildConfigurationList = 2545CB552A188D25003CF56C /* Build configuration list for PBXNativeTarget "MarketCoin" */;
			buildPhases = (
				2545CB3D2A188D25003CF56C /* Sources */,
				2545CB3E2A188D25003CF56C /* Frameworks */,
				2545CB3F2A188D25003CF56C /* Resources */,
			);
			buildRules = (
			);
			dependencies = (
			);
			name = MarketCoin;
			productName = MarketCoin;
			productReference = 2545CB412A188D25003CF56C /* MarketCoin.app */;
			productType = "com.apple.product-type.application";
		};
/* End PBXNativeTarget section */

/* Begin PBXProject section */
		2545CB392A188D25003CF56C /* Project object */ = {
			isa = PBXProject;
			attributes = {
				BuildIndependentTargetsInParallel = 1;
				LastSwiftUpdateCheck = 1430;
				LastUpgradeCheck = 1430;
				TargetAttributes = {
					2545CB402A188D25003CF56C = {
						CreatedOnToolsVersion = 14.3;
					};
				};
			};
			buildConfigurationList = 2545CB3C2A188D25003CF56C /* Build configuration list for PBXProject "MarketCoin" */;
			compatibilityVersion = "Xcode 14.0";
			developmentRegion = en;
			hasScannedForEncodings = 0;
			knownRegions = (
				en,
				Base,
			);
			mainGroup = 2545CB382A188D25003CF56C;
			productRefGroup = 2545CB422A188D25003CF56C /* Products */;
			projectDirPath = "";
			projectRoot = "";
			targets = (
				2545CB402A188D25003CF56C /* MarketCoin */,
			);
		};
/* End PBXProject section */

/* Begin PBXResourcesBuildPhase section */
		2545CB3F2A188D25003CF56C /* Resources */ = {
			isa = PBXResourcesBuildPhase;
			buildActionMask = 2147483647;
			files = (
				2545CB512A188D25003CF56C /* LaunchScreen.storyboard in Resources */,
				2545CB4E2A188D25003CF56C /* Assets.xcassets in Resources */,
				2545CB4C2A188D25003CF56C /* Main.storyboard in Resources */,
			);
			runOnlyForDeploymentPostprocessing = 0;
		};
/* End PBXResourcesBuildPhase section */

/* Begin PBXSourcesBuildPhase section */
		2545CB3D2A188D25003CF56C /* Sources */ = {
			isa = PBXSourcesBuildPhase;
			buildActionMask = 2147483647;
			files = (
				2545CB602A199A49003CF56C /* MarketChartModel.swift in Sources */,
				2545CB5C2A188F0E003CF56C /* CoinModel.swift in Sources */,
				2545CB622A199AEF003CF56C /* GraphicDataModel.swift in Sources */,
				2545CB772A19E914003CF56C /* CoinStore.swift in Sources */,
				2545CB752A19DFDE003CF56C /* GlobalRouter.swift in Sources */,
				2545CB6F2A19A5E8003CF56C /* GenericStore.swift in Sources */,
				2545CB732A19DFC2003CF56C /* CoinRouter.swift in Sources */,
				2545CB7C2A1B11B9003CF56C /* ListCoinDataProvider.swift in Sources */,
				2545CB492A188D25003CF56C /* ViewController.swift in Sources */,
				2545CB6D2A199FA5003CF56C /* API.swift in Sources */,
				2545CB452A188D25003CF56C /* AppDelegate.swift in Sources */,
				2545CB792A19E920003CF56C /* GlobalStore.swift in Sources */,
				2545CB712A19DD67003CF56C /* Extensions.swift in Sources */,
				2545CB5E2A18941D003CF56C /* CurrentDataModel.swift in Sources */,
				2545CB642A199B9D003CF56C /* GlobalModel.swift in Sources */,
				2545CB682A199F4B003CF56C /* GenericDataProvider.swift in Sources */,
				2545CB472A188D25003CF56C /* SceneDelegate.swift in Sources */,
			);
			runOnlyForDeploymentPostprocessing = 0;
		};
/* End PBXSourcesBuildPhase section */

/* Begin PBXVariantGroup section */
		2545CB4A2A188D25003CF56C /* Main.storyboard */ = {
			isa = PBXVariantGroup;
			children = (
				2545CB4B2A188D25003CF56C /* Base */,
			);
			name = Main.storyboard;
			sourceTree = "<group>";
		};
		2545CB4F2A188D25003CF56C /* LaunchScreen.storyboard */ = {
			isa = PBXVariantGroup;
			children = (
				2545CB502A188D25003CF56C /* Base */,
			);
			name = LaunchScreen.storyboard;
			sourceTree = "<group>";
		};
/* End PBXVariantGroup section */

/* Begin XCBuildConfiguration section */
		2545CB532A188D25003CF56C /* Debug */ = {
			isa = XCBuildConfiguration;
			buildSettings = {
				ALWAYS_SEARCH_USER_PATHS = NO;
				CLANG_ANALYZER_NONNULL = YES;
				CLANG_ANALYZER_NUMBER_OBJECT_CONVERSION = YES_AGGRESSIVE;
				CLANG_CXX_LANGUAGE_STANDARD = "gnu++20";
				CLANG_ENABLE_MODULES = YES;
				CLANG_ENABLE_OBJC_ARC = YES;
				CLANG_ENABLE_OBJC_WEAK = YES;
				CLANG_WARN_BLOCK_CAPTURE_AUTORELEASING = YES;
				CLANG_WARN_BOOL_CONVERSION = YES;
				CLANG_WARN_COMMA = YES;
				CLANG_WARN_CONSTANT_CONVERSION = YES;
				CLANG_WARN_DEPRECATED_OBJC_IMPLEMENTATIONS = YES;
				CLANG_WARN_DIRECT_OBJC_ISA_USAGE = YES_ERROR;
				CLANG_WARN_DOCUMENTATION_COMMENTS = YES;
				CLANG_WARN_EMPTY_BODY = YES;
				CLANG_WARN_ENUM_CONVERSION = YES;
				CLANG_WARN_INFINITE_RECURSION = YES;
				CLANG_WARN_INT_CONVERSION = YES;
				CLANG_WARN_NON_LITERAL_NULL_CONVERSION = YES;
				CLANG_WARN_OBJC_IMPLICIT_RETAIN_SELF = YES;
				CLANG_WARN_OBJC_LITERAL_CONVERSION = YES;
				CLANG_WARN_OBJC_ROOT_CLASS = YES_ERROR;
				CLANG_WARN_QUOTED_INCLUDE_IN_FRAMEWORK_HEADER = YES;
				CLANG_WARN_RANGE_LOOP_ANALYSIS = YES;
				CLANG_WARN_STRICT_PROTOTYPES = YES;
				CLANG_WARN_SUSPICIOUS_MOVE = YES;
				CLANG_WARN_UNGUARDED_AVAILABILITY = YES_AGGRESSIVE;
				CLANG_WARN_UNREACHABLE_CODE = YES;
				CLANG_WARN__DUPLICATE_METHOD_MATCH = YES;
				COPY_PHASE_STRIP = NO;
				DEBUG_INFORMATION_FORMAT = dwarf;
				ENABLE_STRICT_OBJC_MSGSEND = YES;
				ENABLE_TESTABILITY = YES;
				GCC_C_LANGUAGE_STANDARD = gnu11;
				GCC_DYNAMIC_NO_PIC = NO;
				GCC_NO_COMMON_BLOCKS = YES;
				GCC_OPTIMIZATION_LEVEL = 0;
				GCC_PREPROCESSOR_DEFINITIONS = (
					"DEBUG=1",
					"$(inherited)",
				);
				GCC_WARN_64_TO_32_BIT_CONVERSION = YES;
				GCC_WARN_ABOUT_RETURN_TYPE = YES_ERROR;
				GCC_WARN_UNDECLARED_SELECTOR = YES;
				GCC_WARN_UNINITIALIZED_AUTOS = YES_AGGRESSIVE;
				GCC_WARN_UNUSED_FUNCTION = YES;
				GCC_WARN_UNUSED_VARIABLE = YES;
				IPHONEOS_DEPLOYMENT_TARGET = 16.4;
				MTL_ENABLE_DEBUG_INFO = INCLUDE_SOURCE;
				MTL_FAST_MATH = YES;
				ONLY_ACTIVE_ARCH = YES;
				SDKROOT = iphoneos;
				SWIFT_ACTIVE_COMPILATION_CONDITIONS = DEBUG;
				SWIFT_OPTIMIZATION_LEVEL = "-Onone";
			};
			name = Debug;
		};
		2545CB542A188D25003CF56C /* Release */ = {
			isa = XCBuildConfiguration;
			buildSettings = {
				ALWAYS_SEARCH_USER_PATHS = NO;
				CLANG_ANALYZER_NONNULL = YES;
				CLANG_ANALYZER_NUMBER_OBJECT_CONVERSION = YES_AGGRESSIVE;
				CLANG_CXX_LANGUAGE_STANDARD = "gnu++20";
				CLANG_ENABLE_MODULES = YES;
				CLANG_ENABLE_OBJC_ARC = YES;
				CLANG_ENABLE_OBJC_WEAK = YES;
				CLANG_WARN_BLOCK_CAPTURE_AUTORELEASING = YES;
				CLANG_WARN_BOOL_CONVERSION = YES;
				CLANG_WARN_COMMA = YES;
				CLANG_WARN_CONSTANT_CONVERSION = YES;
				CLANG_WARN_DEPRECATED_OBJC_IMPLEMENTATIONS = YES;
				CLANG_WARN_DIRECT_OBJC_ISA_USAGE = YES_ERROR;
				CLANG_WARN_DOCUMENTATION_COMMENTS = YES;
				CLANG_WARN_EMPTY_BODY = YES;
				CLANG_WARN_ENUM_CONVERSION = YES;
				CLANG_WARN_INFINITE_RECURSION = YES;
				CLANG_WARN_INT_CONVERSION = YES;
				CLANG_WARN_NON_LITERAL_NULL_CONVERSION = YES;
				CLANG_WARN_OBJC_IMPLICIT_RETAIN_SELF = YES;
				CLANG_WARN_OBJC_LITERAL_CONVERSION = YES;
				CLANG_WARN_OBJC_ROOT_CLASS = YES_ERROR;
				CLANG_WARN_QUOTED_INCLUDE_IN_FRAMEWORK_HEADER = YES;
				CLANG_WARN_RANGE_LOOP_ANALYSIS = YES;
				CLANG_WARN_STRICT_PROTOTYPES = YES;
				CLANG_WARN_SUSPICIOUS_MOVE = YES;
				CLANG_WARN_UNGUARDED_AVAILABILITY = YES_AGGRESSIVE;
				CLANG_WARN_UNREACHABLE_CODE = YES;
				CLANG_WARN__DUPLICATE_METHOD_MATCH = YES;
				COPY_PHASE_STRIP = NO;
				DEBUG_INFORMATION_FORMAT = "dwarf-with-dsym";
				ENABLE_NS_ASSERTIONS = NO;
				ENABLE_STRICT_OBJC_MSGSEND = YES;
				GCC_C_LANGUAGE_STANDARD = gnu11;
				GCC_NO_COMMON_BLOCKS = YES;
				GCC_WARN_64_TO_32_BIT_CONVERSION = YES;
				GCC_WARN_ABOUT_RETURN_TYPE = YES_ERROR;
				GCC_WARN_UNDECLARED_SELECTOR = YES;
				GCC_WARN_UNINITIALIZED_AUTOS = YES_AGGRESSIVE;
				GCC_WARN_UNUSED_FUNCTION = YES;
				GCC_WARN_UNUSED_VARIABLE = YES;
				IPHONEOS_DEPLOYMENT_TARGET = 16.4;
				MTL_ENABLE_DEBUG_INFO = NO;
				MTL_FAST_MATH = YES;
				SDKROOT = iphoneos;
				SWIFT_COMPILATION_MODE = wholemodule;
				SWIFT_OPTIMIZATION_LEVEL = "-O";
				VALIDATE_PRODUCT = YES;
			};
			name = Release;
		};
		2545CB562A188D25003CF56C /* Debug */ = {
			isa = XCBuildConfiguration;
			buildSettings = {
				ASSETCATALOG_COMPILER_APPICON_NAME = AppIcon;
				ASSETCATALOG_COMPILER_GLOBAL_ACCENT_COLOR_NAME = AccentColor;
				CODE_SIGN_STYLE = Automatic;
				CURRENT_PROJECT_VERSION = 1;
				GENERATE_INFOPLIST_FILE = YES;
				INFOPLIST_FILE = MarketCoin/Info.plist;
				INFOPLIST_KEY_LSApplicationCategoryType = "public.app-category.finance";
				INFOPLIST_KEY_UIApplicationSupportsIndirectInputEvents = YES;
				INFOPLIST_KEY_UILaunchStoryboardName = LaunchScreen;
				INFOPLIST_KEY_UIMainStoryboardFile = Main;
				INFOPLIST_KEY_UISupportedInterfaceOrientations = UIInterfaceOrientationPortrait;
				INFOPLIST_KEY_UISupportedInterfaceOrientations_iPad = "UIInterfaceOrientationLandscapeLeft UIInterfaceOrientationLandscapeRight UIInterfaceOrientationPortrait UIInterfaceOrientationPortraitUpsideDown";
				IPHONEOS_DEPLOYMENT_TARGET = 13.0;
				LD_RUNPATH_SEARCH_PATHS = (
					"$(inherited)",
					"@executable_path/Frameworks",
				);
				MARKETING_VERSION = 1.0;
				PRODUCT_BUNDLE_IDENTIFIER = gwprdev.projeto.vip.MarketCoin;
				PRODUCT_NAME = "$(TARGET_NAME)";
				SUPPORTED_PLATFORMS = "iphoneos iphonesimulator";
				SUPPORTS_MACCATALYST = NO;
				SUPPORTS_MAC_DESIGNED_FOR_IPHONE_IPAD = NO;
				SWIFT_EMIT_LOC_STRINGS = YES;
				SWIFT_VERSION = 5.0;
				TARGETED_DEVICE_FAMILY = 1;
			};
			name = Debug;
		};
		2545CB572A188D25003CF56C /* Release */ = {
			isa = XCBuildConfiguration;
			buildSettings = {
				ASSETCATALOG_COMPILER_APPICON_NAME = AppIcon;
				ASSETCATALOG_COMPILER_GLOBAL_ACCENT_COLOR_NAME = AccentColor;
				CODE_SIGN_STYLE = Automatic;
				CURRENT_PROJECT_VERSION = 1;
				GENERATE_INFOPLIST_FILE = YES;
				INFOPLIST_FILE = MarketCoin/Info.plist;
				INFOPLIST_KEY_LSApplicationCategoryType = "public.app-category.finance";
				INFOPLIST_KEY_UIApplicationSupportsIndirectInputEvents = YES;
				INFOPLIST_KEY_UILaunchStoryboardName = LaunchScreen;
				INFOPLIST_KEY_UIMainStoryboardFile = Main;
				INFOPLIST_KEY_UISupportedInterfaceOrientations = UIInterfaceOrientationPortrait;
				INFOPLIST_KEY_UISupportedInterfaceOrientations_iPad = "UIInterfaceOrientationLandscapeLeft UIInterfaceOrientationLandscapeRight UIInterfaceOrientationPortrait UIInterfaceOrientationPortraitUpsideDown";
				IPHONEOS_DEPLOYMENT_TARGET = 13.0;
				LD_RUNPATH_SEARCH_PATHS = (
					"$(inherited)",
					"@executable_path/Frameworks",
				);
				MARKETING_VERSION = 1.0;
				PRODUCT_BUNDLE_IDENTIFIER = gwprdev.projeto.vip.MarketCoin;
				PRODUCT_NAME = "$(TARGET_NAME)";
				SUPPORTED_PLATFORMS = "iphoneos iphonesimulator";
				SUPPORTS_MACCATALYST = NO;
				SUPPORTS_MAC_DESIGNED_FOR_IPHONE_IPAD = NO;
				SWIFT_EMIT_LOC_STRINGS = YES;
				SWIFT_VERSION = 5.0;
				TARGETED_DEVICE_FAMILY = 1;
			};
			name = Release;
		};
/* End XCBuildConfiguration section */

/* Begin XCConfigurationList section */
		2545CB3C2A188D25003CF56C /* Build configuration list for PBXProject "MarketCoin" */ = {
			isa = XCConfigurationList;
			buildConfigurations = (
				2545CB532A188D25003CF56C /* Debug */,
				2545CB542A188D25003CF56C /* Release */,
			);
			defaultConfigurationIsVisible = 0;
			defaultConfigurationName = Release;
		};
		2545CB552A188D25003CF56C /* Build configuration list for PBXNativeTarget "MarketCoin" */ = {
			isa = XCConfigurationList;
			buildConfigurations = (
				2545CB562A188D25003CF56C /* Debug */,
				2545CB572A188D25003CF56C /* Release */,
			);
			defaultConfigurationIsVisible = 0;
			defaultConfigurationName = Release;
		};
/* End XCConfigurationList section */
	};
	rootObject = 2545CB392A188D25003CF56C /* Project object */;
}
